
Microsoft Visual Studio Solution File, Format Version 12.00
# Visual Studio Version 16
VisualStudioVersion = 16.0.30011.22
MinimumVisualStudioVersion = 10.0.40219.1
Project("{FAE04EC0-301F-11D3-BF4B-00C04F79EFBC}") = "CSharpDll", "CSharpDll.csproj", "{F5D46BA1-6F21-40EF-9695-46105CCACD08}"
EndProject
Project("{911E67C6-3D85-4FCE-B560-20A9C3E3FF48}") = "MusicBee", "E:\Users\Troy\Desktop\MusicbeePortable\MusicBee\MusicBee.exe", "{359FF0BF-12BB-4DF4-B550-D68FFA9D1E9C}"
	ProjectSection(DebuggerProjectSystem) = preProject
		PortSupplier = 00000000-0000-0000-0000-000000000000
		Executable = E:\Users\Troy\Desktop\MusicbeePortable\MusicBee\MusicBee.exe
		RemoteMachine = TROYDESKTOP
		StartingDirectory = E:\Users\Troy\Desktop\MusicbeePortable\MusicBee
		Arguments = runas.exe /savecred /user:administrator
		Environment = Default
		LaunchingEngine = 00000000-0000-0000-0000-000000000000
		UseLegacyDebugEngines = No
		LaunchSQLEngine = No
		AttachLaunchAction = No
	EndProjectSection
EndProject
Project("{9A19103F-16F7-4668-BE54-9A1E7A4F7556}") = "GoogleCast", "..\..\GoogleCast\GoogleCast.csproj", "{6B40B865-44F8-4CCC-9C9C-271EB9B31E6B}"
EndProject
Project("{9A19103F-16F7-4668-BE54-9A1E7A4F7556}") = "MBCCRules", "MBCCRules\MBCCRules.csproj", "{348DC349-4DA9-4AF6-BA4F-A65BE8C10A86}"
EndProject
Project("{9A19103F-16F7-4668-BE54-9A1E7A4F7556}") = "CastIt.GoogleCast", "..\..\GoogleCastFork\CastIt.GoogleCast.csproj", "{6BE2A73D-8054-4DD8-B4FB-729E429CE74F}"
EndProject
Global
	GlobalSection(SolutionConfigurationPlatforms) = preSolution
		Debug|Any CPU = Debug|Any CPU
		Debug|x86 = Debug|x86
		Release|Any CPU = Release|Any CPU
		Release|x86 = Release|x86
	EndGlobalSection
	GlobalSection(ProjectConfigurationPlatforms) = postSolution
		{F5D46BA1-6F21-40EF-9695-46105CCACD08}.Debug|Any CPU.ActiveCfg = Debug|Any CPU
		{F5D46BA1-6F21-40EF-9695-46105CCACD08}.Debug|Any CPU.Build.0 = Debug|Any CPU
		{F5D46BA1-6F21-40EF-9695-46105CCACD08}.Debug|x86.ActiveCfg = Debug|x86
		{F5D46BA1-6F21-40EF-9695-46105CCACD08}.Debug|x86.Build.0 = Debug|x86
		{F5D46BA1-6F21-40EF-9695-46105CCACD08}.Release|Any CPU.ActiveCfg = Release|Any CPU
		{F5D46BA1-6F21-40EF-9695-46105CCACD08}.Release|Any CPU.Build.0 = Release|Any CPU
		{F5D46BA1-6F21-40EF-9695-46105CCACD08}.Release|x86.ActiveCfg = Release|x86
		{F5D46BA1-6F21-40EF-9695-46105CCACD08}.Release|x86.Build.0 = Release|x86
		{359FF0BF-12BB-4DF4-B550-D68FFA9D1E9C}.Debug|Any CPU.ActiveCfg = Release|x86
		{359FF0BF-12BB-4DF4-B550-D68FFA9D1E9C}.Debug|x86.ActiveCfg = Release|x86
		{359FF0BF-12BB-4DF4-B550-D68FFA9D1E9C}.Release|Any CPU.ActiveCfg = Release|x86
		{359FF0BF-12BB-4DF4-B550-D68FFA9D1E9C}.Release|x86.ActiveCfg = Release|x86
		{6B40B865-44F8-4CCC-9C9C-271EB9B31E6B}.Debug|Any CPU.ActiveCfg = Debug|Any CPU
		{6B40B865-44F8-4CCC-9C9C-271EB9B31E6B}.Debug|Any CPU.Build.0 = Debug|Any CPU
		{6B40B865-44F8-4CCC-9C9C-271EB9B31E6B}.Debug|x86.ActiveCfg = Debug|Any CPU
		{6B40B865-44F8-4CCC-9C9C-271EB9B31E6B}.Debug|x86.Build.0 = Debug|Any CPU
		{6B40B865-44F8-4CCC-9C9C-271EB9B31E6B}.Release|Any CPU.ActiveCfg = Release|Any CPU
		{6B40B865-44F8-4CCC-9C9C-271EB9B31E6B}.Release|Any CPU.Build.0 = Release|Any CPU
		{6B40B865-44F8-4CCC-9C9C-271EB9B31E6B}.Release|x86.ActiveCfg = Release|Any CPU
		{6B40B865-44F8-4CCC-9C9C-271EB9B31E6B}.Release|x86.Build.0 = Release|Any CPU
		{348DC349-4DA9-4AF6-BA4F-A65BE8C10A86}.Debug|Any CPU.ActiveCfg = Debug|Any CPU
		{348DC349-4DA9-4AF6-BA4F-A65BE8C10A86}.Debug|x86.ActiveCfg = Debug|Any CPU
		{348DC349-4DA9-4AF6-BA4F-A65BE8C10A86}.Debug|x86.Build.0 = Debug|Any CPU
		{348DC349-4DA9-4AF6-BA4F-A65BE8C10A86}.Release|Any CPU.ActiveCfg = Release|Any CPU
		{348DC349-4DA9-4AF6-BA4F-A65BE8C10A86}.Release|x86.ActiveCfg = Release|Any CPU
		{348DC349-4DA9-4AF6-BA4F-A65BE8C10A86}.Release|x86.Build.0 = Release|Any CPU
		{6BE2A73D-8054-4DD8-B4FB-729E429CE74F}.Debug|Any CPU.ActiveCfg = Debug|Any CPU
		{6BE2A73D-8054-4DD8-B4FB-729E429CE74F}.Debug|Any CPU.Build.0 = Debug|Any CPU
		{6BE2A73D-8054-4DD8-B4FB-729E429CE74F}.Debug|x86.ActiveCfg = Debug|Any CPU
		{6BE2A73D-8054-4DD8-B4FB-729E429CE74F}.Debug|x86.Build.0 = Debug|Any CPU
		{6BE2A73D-8054-4DD8-B4FB-729E429CE74F}.Release|Any CPU.ActiveCfg = Release|Any CPU
		{6BE2A73D-8054-4DD8-B4FB-729E429CE74F}.Release|Any CPU.Build.0 = Release|Any CPU
		{6BE2A73D-8054-4DD8-B4FB-729E429CE74F}.Release|x86.ActiveCfg = Release|Any CPU
		{6BE2A73D-8054-4DD8-B4FB-729E429CE74F}.Release|x86.Build.0 = Release|Any CPU
	EndGlobalSection
	GlobalSection(SolutionProperties) = preSolution
		HideSolutionNode = FALSE
	EndGlobalSection
	GlobalSection(ExtensibilityGlobals) = postSolution
		SolutionGuid = {987091D2-CF4E-4304-B7C5-AB0DCE33E467}
	EndGlobalSection
EndGlobal
